{
  "version": 4,
  "terraform_version": "0.14.6",
  "serial": 222,
  "lineage": "46368028-c3d2-06a6-65e8-30db661469e2",
  "outputs": {},
  "resources": [
    {
      "mode": "managed",
      "type": "aws_eip",
      "name": "demo2_nat_eip",
      "provider": "provider[\"registry.terraform.io/hashicorp/aws\"]",
      "instances": [
        {
          "schema_version": 0,
          "attributes": {
            "allocation_id": null,
            "associate_with_private_ip": null,
            "association_id": "",
            "carrier_ip": "",
            "customer_owned_ip": "",
            "customer_owned_ipv4_pool": "",
            "domain": "vpc",
            "id": "eipalloc-0bf5c2266480400ad",
            "instance": "",
            "network_border_group": "eu-west-3",
            "network_interface": "",
            "private_dns": null,
            "private_ip": "",
            "public_dns": "ec2-13-36-31-120.eu-west-3.compute.amazonaws.com",
            "public_ip": "13.36.31.120",
            "public_ipv4_pool": "amazon",
            "tags": null,
            "timeouts": null,
            "vpc": true
          },
          "sensitive_attributes": [],
          "private": "eyJlMmJmYjczMC1lY2FhLTExZTYtOGY4OC0zNDM2M2JjN2M0YzAiOnsiZGVsZXRlIjoxODAwMDAwMDAwMDAsInJlYWQiOjkwMDAwMDAwMDAwMCwidXBkYXRlIjozMDAwMDAwMDAwMDB9fQ==",
          "dependencies": [
            "aws_internet_gateway.demo2_internet_gateway",
            "aws_vpc.demo2_vpc"
          ]
        }
      ]
    },
    {
      "mode": "managed",
      "type": "aws_eks_cluster",
      "name": "eks_cluster",
      "provider": "provider[\"registry.terraform.io/hashicorp/aws\"]",
      "instances": [
        {
          "schema_version": 0,
          "attributes": {
            "arn": "arn:aws:eks:eu-west-3:306891754974:cluster/eks",
            "certificate_authority": [
              {
                "data": "LS0tLS1CRUdJTiBDRVJUSUZJQ0FURS0tLS0tCk1JSUM1ekNDQWMrZ0F3SUJBZ0lCQURBTkJna3Foa2lHOXcwQkFRc0ZBREFWTVJNd0VRWURWUVFERXdwcmRXSmwKY201bGRHVnpNQjRYRFRJeE1EVXhPVEV6TWpJeU5Gb1hEVE14TURVeE56RXpNakl5TkZvd0ZURVRNQkVHQTFVRQpBeE1LYTNWaVpYSnVaWFJsY3pDQ0FTSXdEUVlKS29aSWh2Y05BUUVCQlFBRGdnRVBBRENDQVFvQ2dnRUJBTVJoCnpEbHV6c2QzRkk5VHpuYldWQmhLK2wzRXBybmNEa28ybTFwSUNaZFdRSWloQWxQdDU2Y2w3VGxieHNpWEFjVXAKckU1ZUprNlJDSzViazU0SlMvN1ovWVN0UXptQXNURm1FRURjRWZBVnQzRWpMdklkQm55ZlVrd0pLVlRFcXUrawo3aEU3WUYwc3ViRUU0WmtOeDQzZU9mYVpCN08yT1ZEek9vTDBSQVFaL3Mzd3dHWlFRR3JLS3JmTVpKQkRUTXkrCmx5aWY1bmpxcUxkNHcxYklWMkZWZ1dsU0UvcnlFUFhMOFZSYmloREJyNk9vM2Nla0crMTZZQm9qN08vMDJxWEEKUmhjakg2TS9PeVAyWHBmZEc0Rnh2aEZDbzNweEJnSU9FZmtRRWVUUkFNQ0xOQkJLK3ZqL3R2Wmw0ZFhmRUlTbgo1aE1IUXJPcGthZk9KWnhrRm8wQ0F3RUFBYU5DTUVBd0RnWURWUjBQQVFIL0JBUURBZ0trTUE4R0ExVWRFd0VCCi93UUZNQU1CQWY4d0hRWURWUjBPQkJZRUZQZHNGQUJmcURIblhOVkRJWnp5RmtLcVJlNlpNQTBHQ1NxR1NJYjMKRFFFQkN3VUFBNElCQVFCOGM3a3o2M2RUckQ2SERhc3B5Q2F0OWVYWVpxMnZiRjBzdTAwV1Y3MkwrUndCZmV2TQo1ZkYzL2Mvay9WZ2N3VGpqVjRiSFo1ZWFETkxYVUhvK3lqUDBUYTUxLyt6R01OWHpyeUdFOTg2N1lSSEZGcU41CjcxeHZFMG5hVEJldmJXL0FEcGtDcVNPT1ZEVjF3TCt0aVRHUVVzK1N2b3JTUTBHaG81N05ocE5PTlpQS0dGYnYKQUxEUTFWUW9zanR1TlB2U0U1L1FwSG9UN0tXcDh1clVnVEpkZnZHKzhWYUV2TWFHOW96NXdDTHNidURzT0p2dgpjekhTSnVySWplUHQ5OEt2VnVYYm9wNXowSjNVZ2lJUEJWSWdGM2NYalhjNVM3Mk1BV0dPUlZDbzMvZXFraGVLClgwUXh5Z0x2cFd3bHJKTXdsb2UwM29nSWZ6VFNLMXBINSt2dwotLS0tLUVORCBDRVJUSUZJQ0FURS0tLS0tCg=="
              }
            ],
            "created_at": "2021-05-19 13:16:54.191 +0000 UTC",
            "enabled_cluster_log_types": null,
            "encryption_config": [],
            "endpoint": "https://712AC242B3F1BB7287075C099C390CC2.yl4.eu-west-3.eks.amazonaws.com",
            "id": "eks",
            "identity": [
              {
                "oidc": [
                  {
                    "issuer": "https://oidc.eks.eu-west-3.amazonaws.com/id/712AC242B3F1BB7287075C099C390CC2"
                  }
                ]
              }
            ],
            "kubernetes_network_config": [
              {
                "service_ipv4_cidr": "172.20.0.0/16"
              }
            ],
            "name": "eks",
            "platform_version": "eks.4",
            "role_arn": "arn:aws:iam::306891754974:role/eks-cluster",
            "status": "ACTIVE",
            "tags": null,
            "timeouts": null,
            "version": "1.19",
            "vpc_config": [
              {
                "cluster_security_group_id": "sg-049416c2431450d25",
                "endpoint_private_access": false,
                "endpoint_public_access": true,
                "public_access_cidrs": [
                  "0.0.0.0/0"
                ],
                "security_group_ids": null,
                "subnet_ids": [
                  "subnet-00be13de0e3b213b0",
                  "subnet-03535681f148e60d2",
                  "subnet-06c857b34a04a48e4",
                  "subnet-0733b59b64e4db621",
                  "subnet-07bd8d065dcacc29e",
                  "subnet-086038894a341a019"
                ],
                "vpc_id": "vpc-09f47a1892ff738dc"
              }
            ]
          },
          "sensitive_attributes": [],
          "private": "eyJlMmJmYjczMC1lY2FhLTExZTYtOGY4OC0zNDM2M2JjN2M0YzAiOnsiY3JlYXRlIjoxODAwMDAwMDAwMDAwLCJkZWxldGUiOjkwMDAwMDAwMDAwMCwidXBkYXRlIjozNjAwMDAwMDAwMDAwfX0=",
          "dependencies": [
            "aws_iam_role.eks_cluster_role",
            "aws_iam_role_policy_attachment.AmazonEKSClusterPolicy",
            "aws_subnet.demo2_prvt_subnet_1",
            "aws_subnet.demo2_prvt_subnet_2",
            "aws_subnet.demo2_prvt_subnet_3",
            "aws_subnet.demo2_pub_subnet_1",
            "aws_subnet.demo2_pub_subnet_2",
            "aws_subnet.demo2_pub_subnet_3",
            "aws_vpc.demo2_vpc"
          ]
        }
      ]
    },
    {
      "mode": "managed",
      "type": "aws_eks_node_group",
      "name": "nodes_general",
      "provider": "provider[\"registry.terraform.io/hashicorp/aws\"]",
      "instances": [
        {
          "schema_version": 0,
          "attributes": {
            "ami_type": "AL2_x86_64",
            "arn": "arn:aws:eks:eu-west-3:306891754974:nodegroup/eks/nodes-general/8abcc267-2fa3-d649-400f-2ef9bd860252",
            "capacity_type": "ON_DEMAND",
            "cluster_name": "eks",
            "disk_size": 20,
            "force_update_version": false,
            "id": "eks:nodes-general",
            "instance_types": [
              "t3.small"
            ],
            "labels": {
              "role": "nodes-general"
            },
            "launch_template": [],
            "node_group_name": "nodes-general",
            "node_role_arn": "arn:aws:iam::306891754974:role/eks-node-group-general",
            "release_version": "1.19.6-20210512",
            "remote_access": [],
            "resources": [
              {
                "autoscaling_groups": [
                  {
                    "name": "eks-8abcc267-2fa3-d649-400f-2ef9bd860252"
                  }
                ],
                "remote_access_security_group_id": ""
              }
            ],
            "scaling_config": [
              {
                "desired_size": 3,
                "max_size": 3,
                "min_size": 3
              }
            ],
            "status": "ACTIVE",
            "subnet_ids": [
              "subnet-06c857b34a04a48e4",
              "subnet-0733b59b64e4db621",
              "subnet-086038894a341a019"
            ],
            "tags": null,
            "timeouts": null,
            "version": "1.19"
          },
          "sensitive_attributes": [],
          "private": "eyJlMmJmYjczMC1lY2FhLTExZTYtOGY4OC0zNDM2M2JjN2M0YzAiOnsiY3JlYXRlIjozNjAwMDAwMDAwMDAwLCJkZWxldGUiOjM2MDAwMDAwMDAwMDAsInVwZGF0ZSI6MzYwMDAwMDAwMDAwMH19",
          "dependencies": [
            "aws_eks_cluster.eks_cluster",
            "aws_iam_role.eks_cluster_role",
            "aws_iam_role.nodes_general",
            "aws_iam_role_policy_attachment.AmazonEKSClusterPolicy",
            "aws_iam_role_policy_attachment.amazon_ec2_container_registry_read_only",
            "aws_iam_role_policy_attachment.amazon_eks_cni_policy_general",
            "aws_iam_role_policy_attachment.amazon_eks_worker_node_policy_general",
            "aws_subnet.demo2_prvt_subnet_1",
            "aws_subnet.demo2_prvt_subnet_2",
            "aws_subnet.demo2_prvt_subnet_3",
            "aws_subnet.demo2_pub_subnet_1",
            "aws_subnet.demo2_pub_subnet_2",
            "aws_subnet.demo2_pub_subnet_3",
            "aws_vpc.demo2_vpc"
          ]
        }
      ]
    },
    {
      "mode": "managed",
      "type": "aws_iam_role",
      "name": "eks_cluster_role",
      "provider": "provider[\"registry.terraform.io/hashicorp/aws\"]",
      "instances": [
        {
          "schema_version": 0,
          "attributes": {
            "arn": "arn:aws:iam::306891754974:role/eks-cluster",
            "assume_role_policy": "{\"Version\":\"2012-10-17\",\"Statement\":[{\"Effect\":\"Allow\",\"Principal\":{\"Service\":\"eks.amazonaws.com\"},\"Action\":\"sts:AssumeRole\"}]}",
            "create_date": "2021-05-19T13:16:39Z",
            "description": "",
            "force_detach_policies": false,
            "id": "eks-cluster",
            "max_session_duration": 3600,
            "name": "eks-cluster",
            "name_prefix": null,
            "path": "/",
            "permissions_boundary": null,
            "tags": null,
            "unique_id": "AROAUO5BMRXPI5WWRV6DB"
          },
          "sensitive_attributes": [],
          "private": "bnVsbA=="
        }
      ]
    },
    {
      "mode": "managed",
      "type": "aws_iam_role",
      "name": "nodes_general",
      "provider": "provider[\"registry.terraform.io/hashicorp/aws\"]",
      "instances": [
        {
          "schema_version": 0,
          "attributes": {
            "arn": "arn:aws:iam::306891754974:role/eks-node-group-general",
            "assume_role_policy": "{\"Version\":\"2012-10-17\",\"Statement\":[{\"Effect\":\"Allow\",\"Principal\":{\"Service\":\"ec2.amazonaws.com\"},\"Action\":\"sts:AssumeRole\"}]}",
            "create_date": "2021-05-19T13:16:53Z",
            "description": "",
            "force_detach_policies": false,
            "id": "eks-node-group-general",
            "max_session_duration": 3600,
            "name": "eks-node-group-general",
            "name_prefix": null,
            "path": "/",
            "permissions_boundary": null,
            "tags": null,
            "unique_id": "AROAUO5BMRXPDNZKCIAOG"
          },
          "sensitive_attributes": [],
          "private": "bnVsbA=="
        }
      ]
    },
    {
      "mode": "managed",
      "type": "aws_iam_role_policy_attachment",
      "name": "AmazonEKSClusterPolicy",
      "provider": "provider[\"registry.terraform.io/hashicorp/aws\"]",
      "instances": [
        {
          "schema_version": 0,
          "attributes": {
            "id": "eks-cluster-20210519131640336900000001",
            "policy_arn": "arn:aws:iam::aws:policy/AmazonEKSClusterPolicy",
            "role": "eks-cluster"
          },
          "sensitive_attributes": [],
          "private": "bnVsbA==",
          "dependencies": [
            "aws_iam_role.eks_cluster_role"
          ]
        }
      ]
    },
    {
      "mode": "managed",
      "type": "aws_iam_role_policy_attachment",
      "name": "amazon_ec2_container_registry_read_only",
      "provider": "provider[\"registry.terraform.io/hashicorp/aws\"]",
      "instances": [
        {
          "schema_version": 0,
          "attributes": {
            "id": "eks-node-group-general-20210519131655210400000004",
            "policy_arn": "arn:aws:iam::aws:policy/AmazonEC2ContainerRegistryReadOnly",
            "role": "eks-node-group-general"
          },
          "sensitive_attributes": [],
          "private": "bnVsbA==",
          "dependencies": [
            "aws_iam_role.nodes_general"
          ]
        }
      ]
    },
    {
      "mode": "managed",
      "type": "aws_iam_role_policy_attachment",
      "name": "amazon_eks_cni_policy_general",
      "provider": "provider[\"registry.terraform.io/hashicorp/aws\"]",
      "instances": [
        {
          "schema_version": 0,
          "attributes": {
            "id": "eks-node-group-general-20210519131655055900000003",
            "policy_arn": "arn:aws:iam::aws:policy/AmazonEKS_CNI_Policy",
            "role": "eks-node-group-general"
          },
          "sensitive_attributes": [],
          "private": "bnVsbA==",
          "dependencies": [
            "aws_iam_role.nodes_general"
          ]
        }
      ]
    },
    {
      "mode": "managed",
      "type": "aws_iam_role_policy_attachment",
      "name": "amazon_eks_worker_node_policy_general",
      "provider": "provider[\"registry.terraform.io/hashicorp/aws\"]",
      "instances": [
        {
          "schema_version": 0,
          "attributes": {
            "id": "eks-node-group-general-20210519131655052100000002",
            "policy_arn": "arn:aws:iam::aws:policy/AmazonEKSWorkerNodePolicy",
            "role": "eks-node-group-general"
          },
          "sensitive_attributes": [],
          "private": "bnVsbA==",
          "dependencies": [
            "aws_iam_role.nodes_general"
          ]
        }
      ]
    },
    {
      "mode": "managed",
      "type": "aws_internet_gateway",
      "name": "demo2_internet_gateway",
      "provider": "provider[\"registry.terraform.io/hashicorp/aws\"]",
      "instances": [
        {
          "schema_version": 0,
          "attributes": {
            "arn": "arn:aws:ec2:eu-west-3:306891754974:internet-gateway/igw-0e68b612dabe424a4",
            "id": "igw-0e68b612dabe424a4",
            "owner_id": "306891754974",
            "tags": {
              "Name": "demo2-igw"
            },
            "vpc_id": "vpc-09f47a1892ff738dc"
          },
          "sensitive_attributes": [],
          "private": "bnVsbA==",
          "dependencies": [
            "aws_vpc.demo2_vpc"
          ]
        }
      ]
    },
    {
      "mode": "managed",
      "type": "aws_nat_gateway",
      "name": "demo2_nat",
      "provider": "provider[\"registry.terraform.io/hashicorp/aws\"]",
      "instances": [
        {
          "schema_version": 0,
          "attributes": {
            "allocation_id": "eipalloc-0bf5c2266480400ad",
            "id": "nat-0ab52ad68343dec21",
            "network_interface_id": "eni-0088d4d579858706f",
            "private_ip": "10.1.10.138",
            "public_ip": "13.36.31.120",
            "subnet_id": "subnet-00be13de0e3b213b0",
            "tags": {
              "Name": "demo2-nat"
            }
          },
          "sensitive_attributes": [],
          "private": "bnVsbA==",
          "dependencies": [
            "aws_eip.demo2_nat_eip",
            "aws_internet_gateway.demo2_internet_gateway",
            "aws_subnet.demo2_pub_subnet_1",
            "aws_vpc.demo2_vpc"
          ]
        }
      ]
    },
    {
      "mode": "managed",
      "type": "aws_route_table",
      "name": "demo2_prvt_route_table",
      "provider": "provider[\"registry.terraform.io/hashicorp/aws\"]",
      "instances": [
        {
          "schema_version": 0,
          "attributes": {
            "id": "rtb-0e2923102ea798136",
            "owner_id": "306891754974",
            "propagating_vgws": [],
            "route": [
              {
                "cidr_block": "0.0.0.0/0",
                "egress_only_gateway_id": "",
                "gateway_id": "nat-0ab52ad68343dec21",
                "instance_id": "",
                "ipv6_cidr_block": "",
                "local_gateway_id": "",
                "nat_gateway_id": "",
                "network_interface_id": "",
                "transit_gateway_id": "",
                "vpc_endpoint_id": "",
                "vpc_peering_connection_id": ""
              }
            ],
            "tags": {
              "Name": "demo2-prvt-rtb"
            },
            "vpc_id": "vpc-09f47a1892ff738dc"
          },
          "sensitive_attributes": [],
          "private": "bnVsbA==",
          "dependencies": [
            "aws_eip.demo2_nat_eip",
            "aws_internet_gateway.demo2_internet_gateway",
            "aws_nat_gateway.demo2_nat",
            "aws_subnet.demo2_pub_subnet_1",
            "aws_vpc.demo2_vpc"
          ]
        }
      ]
    },
    {
      "mode": "managed",
      "type": "aws_route_table",
      "name": "demo2_pub_route_table",
      "provider": "provider[\"registry.terraform.io/hashicorp/aws\"]",
      "instances": [
        {
          "schema_version": 0,
          "attributes": {
            "id": "rtb-02f13371a3d2d4a86",
            "owner_id": "306891754974",
            "propagating_vgws": [],
            "route": [
              {
                "cidr_block": "0.0.0.0/0",
                "egress_only_gateway_id": "",
                "gateway_id": "igw-0e68b612dabe424a4",
                "instance_id": "",
                "ipv6_cidr_block": "",
                "local_gateway_id": "",
                "nat_gateway_id": "",
                "network_interface_id": "",
                "transit_gateway_id": "",
                "vpc_endpoint_id": "",
                "vpc_peering_connection_id": ""
              }
            ],
            "tags": {
              "Name": "demo2-pub-rtb"
            },
            "vpc_id": "vpc-09f47a1892ff738dc"
          },
          "sensitive_attributes": [],
          "private": "bnVsbA==",
          "dependencies": [
            "aws_internet_gateway.demo2_internet_gateway",
            "aws_vpc.demo2_vpc"
          ]
        }
      ]
    },
    {
      "mode": "managed",
      "type": "aws_route_table_association",
      "name": "demo2_prvt_rtb_subnet1",
      "provider": "provider[\"registry.terraform.io/hashicorp/aws\"]",
      "instances": [
        {
          "schema_version": 0,
          "attributes": {
            "gateway_id": null,
            "id": "rtbassoc-01560c91e62e0d445",
            "route_table_id": "rtb-0e2923102ea798136",
            "subnet_id": "subnet-086038894a341a019"
          },
          "sensitive_attributes": [],
          "private": "bnVsbA==",
          "dependencies": [
            "aws_eip.demo2_nat_eip",
            "aws_internet_gateway.demo2_internet_gateway",
            "aws_nat_gateway.demo2_nat",
            "aws_route_table.demo2_prvt_route_table",
            "aws_subnet.demo2_prvt_subnet_1",
            "aws_subnet.demo2_pub_subnet_1",
            "aws_vpc.demo2_vpc"
          ]
        }
      ]
    },
    {
      "mode": "managed",
      "type": "aws_route_table_association",
      "name": "demo2_prvt_rtb_subnet2",
      "provider": "provider[\"registry.terraform.io/hashicorp/aws\"]",
      "instances": [
        {
          "schema_version": 0,
          "attributes": {
            "gateway_id": null,
            "id": "rtbassoc-0ebad133e5c82de86",
            "route_table_id": "rtb-0e2923102ea798136",
            "subnet_id": "subnet-06c857b34a04a48e4"
          },
          "sensitive_attributes": [],
          "private": "bnVsbA==",
          "dependencies": [
            "aws_eip.demo2_nat_eip",
            "aws_internet_gateway.demo2_internet_gateway",
            "aws_nat_gateway.demo2_nat",
            "aws_route_table.demo2_prvt_route_table",
            "aws_subnet.demo2_prvt_subnet_2",
            "aws_subnet.demo2_pub_subnet_1",
            "aws_vpc.demo2_vpc"
          ]
        }
      ]
    },
    {
      "mode": "managed",
      "type": "aws_route_table_association",
      "name": "demo2_prvt_rtb_subnet3",
      "provider": "provider[\"registry.terraform.io/hashicorp/aws\"]",
      "instances": [
        {
          "schema_version": 0,
          "attributes": {
            "gateway_id": null,
            "id": "rtbassoc-099259b4f56ebec0d",
            "route_table_id": "rtb-0e2923102ea798136",
            "subnet_id": "subnet-0733b59b64e4db621"
          },
          "sensitive_attributes": [],
          "private": "bnVsbA==",
          "dependencies": [
            "aws_eip.demo2_nat_eip",
            "aws_internet_gateway.demo2_internet_gateway",
            "aws_nat_gateway.demo2_nat",
            "aws_route_table.demo2_prvt_route_table",
            "aws_subnet.demo2_prvt_subnet_3",
            "aws_subnet.demo2_pub_subnet_1",
            "aws_vpc.demo2_vpc"
          ]
        }
      ]
    },
    {
      "mode": "managed",
      "type": "aws_route_table_association",
      "name": "demo2_pub_rtb_subnet1",
      "provider": "provider[\"registry.terraform.io/hashicorp/aws\"]",
      "instances": [
        {
          "schema_version": 0,
          "attributes": {
            "gateway_id": null,
            "id": "rtbassoc-073838313add9558a",
            "route_table_id": "rtb-02f13371a3d2d4a86",
            "subnet_id": "subnet-00be13de0e3b213b0"
          },
          "sensitive_attributes": [],
          "private": "bnVsbA==",
          "dependencies": [
            "aws_internet_gateway.demo2_internet_gateway",
            "aws_route_table.demo2_pub_route_table",
            "aws_subnet.demo2_pub_subnet_1",
            "aws_vpc.demo2_vpc"
          ]
        }
      ]
    },
    {
      "mode": "managed",
      "type": "aws_route_table_association",
      "name": "demo2_pub_rtb_subnet2",
      "provider": "provider[\"registry.terraform.io/hashicorp/aws\"]",
      "instances": [
        {
          "schema_version": 0,
          "attributes": {
            "gateway_id": null,
            "id": "rtbassoc-06a9eeaf510047aa0",
            "route_table_id": "rtb-02f13371a3d2d4a86",
            "subnet_id": "subnet-03535681f148e60d2"
          },
          "sensitive_attributes": [],
          "private": "bnVsbA==",
          "dependencies": [
            "aws_internet_gateway.demo2_internet_gateway",
            "aws_route_table.demo2_pub_route_table",
            "aws_subnet.demo2_pub_subnet_2",
            "aws_vpc.demo2_vpc"
          ]
        }
      ]
    },
    {
      "mode": "managed",
      "type": "aws_route_table_association",
      "name": "demo2_pub_rtb_subnet3",
      "provider": "provider[\"registry.terraform.io/hashicorp/aws\"]",
      "instances": [
        {
          "schema_version": 0,
          "attributes": {
            "gateway_id": null,
            "id": "rtbassoc-05ba8ef95345285f2",
            "route_table_id": "rtb-02f13371a3d2d4a86",
            "subnet_id": "subnet-07bd8d065dcacc29e"
          },
          "sensitive_attributes": [],
          "private": "bnVsbA==",
          "dependencies": [
            "aws_internet_gateway.demo2_internet_gateway",
            "aws_route_table.demo2_pub_route_table",
            "aws_subnet.demo2_pub_subnet_3",
            "aws_vpc.demo2_vpc"
          ]
        }
      ]
    },
    {
      "mode": "managed",
      "type": "aws_subnet",
      "name": "demo2_prvt_subnet_1",
      "provider": "provider[\"registry.terraform.io/hashicorp/aws\"]",
      "instances": [
        {
          "schema_version": 1,
          "attributes": {
            "arn": "arn:aws:ec2:eu-west-3:306891754974:subnet/subnet-086038894a341a019",
            "assign_ipv6_address_on_creation": false,
            "availability_zone": "eu-west-3a",
            "availability_zone_id": "euw3-az1",
            "cidr_block": "10.1.40.0/24",
            "customer_owned_ipv4_pool": "",
            "id": "subnet-086038894a341a019",
            "ipv6_cidr_block": "",
            "ipv6_cidr_block_association_id": "",
            "map_customer_owned_ip_on_launch": false,
            "map_public_ip_on_launch": false,
            "outpost_arn": "",
            "owner_id": "306891754974",
            "tags": {
              "Name": "demo2-prvt-subnet-1",
              "kubernetes.io/cluster/eks": "shared",
              "kubernetes.io/role/internal-elb": "1"
            },
            "timeouts": null,
            "vpc_id": "vpc-09f47a1892ff738dc"
          },
          "sensitive_attributes": [],
          "private": "eyJlMmJmYjczMC1lY2FhLTExZTYtOGY4OC0zNDM2M2JjN2M0YzAiOnsiY3JlYXRlIjo2MDAwMDAwMDAwMDAsImRlbGV0ZSI6MTIwMDAwMDAwMDAwMH0sInNjaGVtYV92ZXJzaW9uIjoiMSJ9",
          "dependencies": [
            "aws_vpc.demo2_vpc"
          ]
        }
      ]
    },
    {
      "mode": "managed",
      "type": "aws_subnet",
      "name": "demo2_prvt_subnet_2",
      "provider": "provider[\"registry.terraform.io/hashicorp/aws\"]",
      "instances": [
        {
          "schema_version": 1,
          "attributes": {
            "arn": "arn:aws:ec2:eu-west-3:306891754974:subnet/subnet-06c857b34a04a48e4",
            "assign_ipv6_address_on_creation": false,
            "availability_zone": "eu-west-3b",
            "availability_zone_id": "euw3-az2",
            "cidr_block": "10.1.50.0/24",
            "customer_owned_ipv4_pool": "",
            "id": "subnet-06c857b34a04a48e4",
            "ipv6_cidr_block": "",
            "ipv6_cidr_block_association_id": "",
            "map_customer_owned_ip_on_launch": false,
            "map_public_ip_on_launch": false,
            "outpost_arn": "",
            "owner_id": "306891754974",
            "tags": {
              "Name": "demo2-prvt-subnet-2",
              "kubernetes.io/cluster/eks": "shared",
              "kubernetes.io/role/internal-elb": "1"
            },
            "timeouts": null,
            "vpc_id": "vpc-09f47a1892ff738dc"
          },
          "sensitive_attributes": [],
          "private": "eyJlMmJmYjczMC1lY2FhLTExZTYtOGY4OC0zNDM2M2JjN2M0YzAiOnsiY3JlYXRlIjo2MDAwMDAwMDAwMDAsImRlbGV0ZSI6MTIwMDAwMDAwMDAwMH0sInNjaGVtYV92ZXJzaW9uIjoiMSJ9",
          "dependencies": [
            "aws_vpc.demo2_vpc"
          ]
        }
      ]
    },
    {
      "mode": "managed",
      "type": "aws_subnet",
      "name": "demo2_prvt_subnet_3",
      "provider": "provider[\"registry.terraform.io/hashicorp/aws\"]",
      "instances": [
        {
          "schema_version": 1,
          "attributes": {
            "arn": "arn:aws:ec2:eu-west-3:306891754974:subnet/subnet-0733b59b64e4db621",
            "assign_ipv6_address_on_creation": false,
            "availability_zone": "eu-west-3c",
            "availability_zone_id": "euw3-az3",
            "cidr_block": "10.1.60.0/24",
            "customer_owned_ipv4_pool": "",
            "id": "subnet-0733b59b64e4db621",
            "ipv6_cidr_block": "",
            "ipv6_cidr_block_association_id": "",
            "map_customer_owned_ip_on_launch": false,
            "map_public_ip_on_launch": false,
            "outpost_arn": "",
            "owner_id": "306891754974",
            "tags": {
              "Name": "demo2-prvt-subnet-3",
              "kubernetes.io/cluster/eks": "shared",
              "kubernetes.io/role/internal-elb": "1"
            },
            "timeouts": null,
            "vpc_id": "vpc-09f47a1892ff738dc"
          },
          "sensitive_attributes": [],
          "private": "eyJlMmJmYjczMC1lY2FhLTExZTYtOGY4OC0zNDM2M2JjN2M0YzAiOnsiY3JlYXRlIjo2MDAwMDAwMDAwMDAsImRlbGV0ZSI6MTIwMDAwMDAwMDAwMH0sInNjaGVtYV92ZXJzaW9uIjoiMSJ9",
          "dependencies": [
            "aws_vpc.demo2_vpc"
          ]
        }
      ]
    },
    {
      "mode": "managed",
      "type": "aws_subnet",
      "name": "demo2_pub_subnet_1",
      "provider": "provider[\"registry.terraform.io/hashicorp/aws\"]",
      "instances": [
        {
          "schema_version": 1,
          "attributes": {
            "arn": "arn:aws:ec2:eu-west-3:306891754974:subnet/subnet-00be13de0e3b213b0",
            "assign_ipv6_address_on_creation": false,
            "availability_zone": "eu-west-3a",
            "availability_zone_id": "euw3-az1",
            "cidr_block": "10.1.10.0/24",
            "customer_owned_ipv4_pool": "",
            "id": "subnet-00be13de0e3b213b0",
            "ipv6_cidr_block": "",
            "ipv6_cidr_block_association_id": "",
            "map_customer_owned_ip_on_launch": false,
            "map_public_ip_on_launch": true,
            "outpost_arn": "",
            "owner_id": "306891754974",
            "tags": {
              "Name": "demo2-pub-subnet-1",
              "kubernetes.io/cluster/eks": "shared",
              "kubernetes.io/role/elb": "1"
            },
            "timeouts": null,
            "vpc_id": "vpc-09f47a1892ff738dc"
          },
          "sensitive_attributes": [],
          "private": "eyJlMmJmYjczMC1lY2FhLTExZTYtOGY4OC0zNDM2M2JjN2M0YzAiOnsiY3JlYXRlIjo2MDAwMDAwMDAwMDAsImRlbGV0ZSI6MTIwMDAwMDAwMDAwMH0sInNjaGVtYV92ZXJzaW9uIjoiMSJ9",
          "dependencies": [
            "aws_vpc.demo2_vpc"
          ]
        }
      ]
    },
    {
      "mode": "managed",
      "type": "aws_subnet",
      "name": "demo2_pub_subnet_2",
      "provider": "provider[\"registry.terraform.io/hashicorp/aws\"]",
      "instances": [
        {
          "schema_version": 1,
          "attributes": {
            "arn": "arn:aws:ec2:eu-west-3:306891754974:subnet/subnet-03535681f148e60d2",
            "assign_ipv6_address_on_creation": false,
            "availability_zone": "eu-west-3b",
            "availability_zone_id": "euw3-az2",
            "cidr_block": "10.1.20.0/24",
            "customer_owned_ipv4_pool": "",
            "id": "subnet-03535681f148e60d2",
            "ipv6_cidr_block": "",
            "ipv6_cidr_block_association_id": "",
            "map_customer_owned_ip_on_launch": false,
            "map_public_ip_on_launch": true,
            "outpost_arn": "",
            "owner_id": "306891754974",
            "tags": {
              "Name": "demo2-pub-subnet-2",
              "kubernetes.io/cluster/eks": "shared",
              "kubernetes.io/role/elb": "1"
            },
            "timeouts": null,
            "vpc_id": "vpc-09f47a1892ff738dc"
          },
          "sensitive_attributes": [],
          "private": "eyJlMmJmYjczMC1lY2FhLTExZTYtOGY4OC0zNDM2M2JjN2M0YzAiOnsiY3JlYXRlIjo2MDAwMDAwMDAwMDAsImRlbGV0ZSI6MTIwMDAwMDAwMDAwMH0sInNjaGVtYV92ZXJzaW9uIjoiMSJ9",
          "dependencies": [
            "aws_vpc.demo2_vpc"
          ]
        }
      ]
    },
    {
      "mode": "managed",
      "type": "aws_subnet",
      "name": "demo2_pub_subnet_3",
      "provider": "provider[\"registry.terraform.io/hashicorp/aws\"]",
      "instances": [
        {
          "schema_version": 1,
          "attributes": {
            "arn": "arn:aws:ec2:eu-west-3:306891754974:subnet/subnet-07bd8d065dcacc29e",
            "assign_ipv6_address_on_creation": false,
            "availability_zone": "eu-west-3c",
            "availability_zone_id": "euw3-az3",
            "cidr_block": "10.1.30.0/24",
            "customer_owned_ipv4_pool": "",
            "id": "subnet-07bd8d065dcacc29e",
            "ipv6_cidr_block": "",
            "ipv6_cidr_block_association_id": "",
            "map_customer_owned_ip_on_launch": false,
            "map_public_ip_on_launch": true,
            "outpost_arn": "",
            "owner_id": "306891754974",
            "tags": {
              "Name": "demo2-pub-subnet-3",
              "kubernetes.io/cluster/eks": "shared",
              "kubernetes.io/role/elb": "1"
            },
            "timeouts": null,
            "vpc_id": "vpc-09f47a1892ff738dc"
          },
          "sensitive_attributes": [],
          "private": "eyJlMmJmYjczMC1lY2FhLTExZTYtOGY4OC0zNDM2M2JjN2M0YzAiOnsiY3JlYXRlIjo2MDAwMDAwMDAwMDAsImRlbGV0ZSI6MTIwMDAwMDAwMDAwMH0sInNjaGVtYV92ZXJzaW9uIjoiMSJ9",
          "dependencies": [
            "aws_vpc.demo2_vpc"
          ]
        }
      ]
    },
    {
      "mode": "managed",
      "type": "aws_vpc",
      "name": "demo2_vpc",
      "provider": "provider[\"registry.terraform.io/hashicorp/aws\"]",
      "instances": [
        {
          "schema_version": 1,
          "attributes": {
            "arn": "arn:aws:ec2:eu-west-3:306891754974:vpc/vpc-09f47a1892ff738dc",
            "assign_generated_ipv6_cidr_block": false,
            "cidr_block": "10.1.0.0/16",
            "default_network_acl_id": "acl-0ab128f1dda9e1f99",
            "default_route_table_id": "rtb-0fd3f11b977e24f0c",
            "default_security_group_id": "sg-0f13f4314f5dbd4d2",
            "dhcp_options_id": "dopt-86e42bee",
            "enable_classiclink": null,
            "enable_classiclink_dns_support": null,
            "enable_dns_hostnames": true,
            "enable_dns_support": true,
            "id": "vpc-09f47a1892ff738dc",
            "instance_tenancy": "default",
            "ipv6_association_id": "",
            "ipv6_cidr_block": "",
            "main_route_table_id": "rtb-0fd3f11b977e24f0c",
            "owner_id": "306891754974",
            "tags": {
              "Name": "demo2-k8s-vpc"
            }
          },
          "sensitive_attributes": [],
          "private": "eyJzY2hlbWFfdmVyc2lvbiI6IjEifQ=="
        }
      ]
    }
  ]
}
