{
  "version": 4,
  "terraform_version": "0.14.6",
  "serial": 135,
  "lineage": "46368028-c3d2-06a6-65e8-30db661469e2",
  "outputs": {},
  "resources": [
    {
      "mode": "managed",
      "type": "aws_eip",
      "name": "task2_nat_eip",
      "provider": "provider[\"registry.terraform.io/hashicorp/aws\"]",
      "instances": [
        {
          "schema_version": 0,
          "attributes": {
            "allocation_id": null,
            "associate_with_private_ip": null,
            "association_id": "",
            "carrier_ip": "",
            "customer_owned_ip": "",
            "customer_owned_ipv4_pool": "",
            "domain": "vpc",
            "id": "eipalloc-09addacc8b52a86a4",
            "instance": "",
            "network_border_group": "eu-west-3",
            "network_interface": "",
            "private_dns": null,
            "private_ip": "",
            "public_dns": "ec2-15-236-66-4.eu-west-3.compute.amazonaws.com",
            "public_ip": "15.236.66.4",
            "public_ipv4_pool": "amazon",
            "tags": null,
            "timeouts": null,
            "vpc": true
          },
          "sensitive_attributes": [],
          "private": "eyJlMmJmYjczMC1lY2FhLTExZTYtOGY4OC0zNDM2M2JjN2M0YzAiOnsiZGVsZXRlIjoxODAwMDAwMDAwMDAsInJlYWQiOjkwMDAwMDAwMDAwMCwidXBkYXRlIjozMDAwMDAwMDAwMDB9fQ==",
          "dependencies": [
            "aws_internet_gateway.task2_internet_gateway",
            "aws_vpc.task2_vpc"
          ]
        }
      ]
    },
    {
      "mode": "managed",
      "type": "aws_eks_cluster",
      "name": "eks_cluster",
      "provider": "provider[\"registry.terraform.io/hashicorp/aws\"]",
      "instances": [
        {
          "schema_version": 0,
          "attributes": {
            "arn": "arn:aws:eks:eu-west-3:144599469112:cluster/eks",
            "certificate_authority": [
              {
                "data": "LS0tLS1CRUdJTiBDRVJUSUZJQ0FURS0tLS0tCk1JSUN5RENDQWJDZ0F3SUJBZ0lCQURBTkJna3Foa2lHOXcwQkFRc0ZBREFWTVJNd0VRWURWUVFERXdwcmRXSmwKY201bGRHVnpNQjRYRFRJeE1ESXhOVEl5TXpVek5Wb1hEVE14TURJeE16SXlNelV6TlZvd0ZURVRNQkVHQTFVRQpBeE1LYTNWaVpYSnVaWFJsY3pDQ0FTSXdEUVlKS29aSWh2Y05BUUVCQlFBRGdnRVBBRENDQVFvQ2dnRUJBT0NkCkt4UW9FZlh1YXpIUFgybHRDbFVWQlhkZVFsUlNNMFd6b1g1VUZlblMrUC9yV3c2c1FJcXc4aENsaVhDc3hyeTkKQXZZM21BR1VnNlFjYkY1SnREMThzN21wRk9nNWJabnhpQjc2R3pQbE9ocDVBcW00Uy9PKzFWTXhXR3BCWFVRNQpuQ0RlQW9BaEJhNnF6SUw0NmNEQnY0MW5CYlJwUlN4SDA2d2Z5R2RDSUJPSGFxKy9YRStGa3lrQUdKRWJONmFCClRLbEVnaG45bFk4b2J5dWcrUTNQaHZIZWxsYzZTSTd1RHNESVZ5TkYrNkR0eFB6NGlnVk1YQUFIVUd6d0RydzMKMUhpb2RDVWNuQ3ovQjdvSmhaNktYUFdFYklQMTZlYlhpS2cydG5LVDhEOWpMYlc4c0JtTHR5VGlPKzlCd1VmNwoxdFZVWnFFTHVKaCtsWklmYnRzQ0F3RUFBYU1qTUNFd0RnWURWUjBQQVFIL0JBUURBZ0trTUE4R0ExVWRFd0VCCi93UUZNQU1CQWY4d0RRWUpLb1pJaHZjTkFRRUxCUUFEZ2dFQkFJT0RDOERpWVpDQjVMOTUyNE0zWnUrQjVSak8KVE5HdzBaN1NPejg0MFJHUmxLcFBwdDJ6NXNNelN4Y1hib0h2MDNaNG51Q1FpWUhEVThNKzN3SDVCbmwvQXQyRQpRT240RkdMajY0aVJsRHJoYTZJSDczQTVJNjZnMzdsNWdsQkFQajJVWStRSERjNWR3YVRIbk5qODhDY0FDZzZRCkNKMUJiZldCRndRNEdIR1pZNytjWDlLaXQ1L2JyRjZQTzQyYlNqaDYvdW53dk5aVDBSZDZpMVcvYzhTbEFjUWsKOFhFcUsvUG1yMHNPcHhJbnIxQm9ueXpocS9HM09WN0ZMYTVWenRnM21UNVNxOXhtamRQbG9pUk41cGZ6RGt5Ygp4eGZ3SER3YXZqYjV5bVpuaEo5SzJFcEFUSWMvWjY4TjBXTnBZbENTeGZPOStUbFZrQWhuVGZ3UHRmTT0KLS0tLS1FTkQgQ0VSVElGSUNBVEUtLS0tLQo="
              }
            ],
            "created_at": "2021-02-15 22:28:05.69 +0000 UTC",
            "enabled_cluster_log_types": null,
            "encryption_config": [],
            "endpoint": "https://59E603585E26D7FEC17009209A8636E2.yl4.eu-west-3.eks.amazonaws.com",
            "id": "eks",
            "identity": [
              {
                "oidc": [
                  {
                    "issuer": "https://oidc.eks.eu-west-3.amazonaws.com/id/59E603585E26D7FEC17009209A8636E2"
                  }
                ]
              }
            ],
            "kubernetes_network_config": [
              {
                "service_ipv4_cidr": "172.20.0.0/16"
              }
            ],
            "name": "eks",
            "platform_version": "eks.3",
            "role_arn": "arn:aws:iam::144599469112:role/eks-cluster",
            "status": "ACTIVE",
            "tags": null,
            "timeouts": null,
            "version": "1.18",
            "vpc_config": [
              {
                "cluster_security_group_id": "sg-03509e18d8cebe2f5",
                "endpoint_private_access": false,
                "endpoint_public_access": true,
                "public_access_cidrs": [
                  "0.0.0.0/0"
                ],
                "security_group_ids": null,
                "subnet_ids": [
                  "subnet-00c4778ecffbaa8c8",
                  "subnet-01f30c468f1895112",
                  "subnet-026c5a2e2afa5d4fc",
                  "subnet-02fd62c4bb1779c7e",
                  "subnet-049d6c7704b949f74",
                  "subnet-0863492489e15f76a"
                ],
                "vpc_id": "vpc-05765175cc4af2e63"
              }
            ]
          },
          "sensitive_attributes": [],
          "private": "eyJlMmJmYjczMC1lY2FhLTExZTYtOGY4OC0zNDM2M2JjN2M0YzAiOnsiY3JlYXRlIjoxODAwMDAwMDAwMDAwLCJkZWxldGUiOjkwMDAwMDAwMDAwMCwidXBkYXRlIjozNjAwMDAwMDAwMDAwfX0=",
          "dependencies": [
            "aws_iam_role.eks_cluster_role",
            "aws_iam_role_policy_attachment.AmazonEKSClusterPolicy",
            "aws_subnet.task2_prvt_subnet_1",
            "aws_subnet.task2_prvt_subnet_2",
            "aws_subnet.task2_prvt_subnet_3",
            "aws_subnet.task2_pub_subnet_1",
            "aws_subnet.task2_pub_subnet_2",
            "aws_subnet.task2_pub_subnet_3",
            "aws_vpc.task2_vpc"
          ]
        }
      ]
    },
    {
      "mode": "managed",
      "type": "aws_eks_node_group",
      "name": "nodes_general",
      "provider": "provider[\"registry.terraform.io/hashicorp/aws\"]",
      "instances": [
        {
          "schema_version": 0,
          "attributes": {
            "ami_type": "AL2_x86_64",
            "arn": "arn:aws:eks:eu-west-3:144599469112:nodegroup/eks/nodes-general/58bbd3ec-4c0a-bf1e-4905-6daae1bc672e",
            "capacity_type": "ON_DEMAND",
            "cluster_name": "eks",
            "disk_size": 20,
            "force_update_version": false,
            "id": "eks:nodes-general",
            "instance_types": [
              "t3.small"
            ],
            "labels": {
              "role": "nodes-general"
            },
            "launch_template": [],
            "node_group_name": "nodes-general",
            "node_role_arn": "arn:aws:iam::144599469112:role/eks-node-group-general",
            "release_version": "1.18.9-20210208",
            "remote_access": [],
            "resources": [
              {
                "autoscaling_groups": [
                  {
                    "name": "eks-58bbd3ec-4c0a-bf1e-4905-6daae1bc672e"
                  }
                ],
                "remote_access_security_group_id": ""
              }
            ],
            "scaling_config": [
              {
                "desired_size": 3,
                "max_size": 3,
                "min_size": 3
              }
            ],
            "status": "ACTIVE",
            "subnet_ids": [
              "subnet-026c5a2e2afa5d4fc",
              "subnet-02fd62c4bb1779c7e",
              "subnet-0863492489e15f76a"
            ],
            "tags": null,
            "timeouts": null,
            "version": "1.18"
          },
          "sensitive_attributes": [],
          "private": "eyJlMmJmYjczMC1lY2FhLTExZTYtOGY4OC0zNDM2M2JjN2M0YzAiOnsiY3JlYXRlIjozNjAwMDAwMDAwMDAwLCJkZWxldGUiOjM2MDAwMDAwMDAwMDAsInVwZGF0ZSI6MzYwMDAwMDAwMDAwMH19",
          "dependencies": [
            "aws_eks_cluster.eks_cluster",
            "aws_iam_role.eks_cluster_role",
            "aws_iam_role.nodes_general",
            "aws_iam_role_policy_attachment.AmazonEKSClusterPolicy",
            "aws_iam_role_policy_attachment.amazon_ec2_container_registry_read_only",
            "aws_iam_role_policy_attachment.amazon_eks_cni_policy_general",
            "aws_iam_role_policy_attachment.amazon_eks_worker_node_policy_general",
            "aws_subnet.task2_prvt_subnet_1",
            "aws_subnet.task2_prvt_subnet_2",
            "aws_subnet.task2_prvt_subnet_3",
            "aws_subnet.task2_pub_subnet_1",
            "aws_subnet.task2_pub_subnet_2",
            "aws_subnet.task2_pub_subnet_3",
            "aws_vpc.task2_vpc"
          ]
        }
      ]
    },
    {
      "mode": "managed",
      "type": "aws_iam_role",
      "name": "eks_cluster_role",
      "provider": "provider[\"registry.terraform.io/hashicorp/aws\"]",
      "instances": [
        {
          "schema_version": 0,
          "attributes": {
            "arn": "arn:aws:iam::144599469112:role/eks-cluster",
            "assume_role_policy": "{\"Version\":\"2012-10-17\",\"Statement\":[{\"Effect\":\"Allow\",\"Principal\":{\"Service\":\"eks.amazonaws.com\"},\"Action\":\"sts:AssumeRole\"}]}",
            "create_date": "2021-02-15T22:27:50Z",
            "description": "",
            "force_detach_policies": false,
            "id": "eks-cluster",
            "max_session_duration": 3600,
            "name": "eks-cluster",
            "name_prefix": null,
            "path": "/",
            "permissions_boundary": null,
            "tags": null,
            "unique_id": "AROASDKWMZQ4DYIT3VX5A"
          },
          "sensitive_attributes": [],
          "private": "bnVsbA=="
        }
      ]
    },
    {
      "mode": "managed",
      "type": "aws_iam_role",
      "name": "nodes_general",
      "provider": "provider[\"registry.terraform.io/hashicorp/aws\"]",
      "instances": [
        {
          "schema_version": 0,
          "attributes": {
            "arn": "arn:aws:iam::144599469112:role/eks-node-group-general",
            "assume_role_policy": "{\"Version\":\"2012-10-17\",\"Statement\":[{\"Effect\":\"Allow\",\"Principal\":{\"Service\":\"ec2.amazonaws.com\"},\"Action\":\"sts:AssumeRole\"}]}",
            "create_date": "2021-02-15T22:27:50Z",
            "description": "",
            "force_detach_policies": false,
            "id": "eks-node-group-general",
            "max_session_duration": 3600,
            "name": "eks-node-group-general",
            "name_prefix": null,
            "path": "/",
            "permissions_boundary": null,
            "tags": null,
            "unique_id": "AROASDKWMZQ4EMJPUITX3"
          },
          "sensitive_attributes": [],
          "private": "bnVsbA=="
        }
      ]
    },
    {
      "mode": "managed",
      "type": "aws_iam_role_policy_attachment",
      "name": "AmazonEKSClusterPolicy",
      "provider": "provider[\"registry.terraform.io/hashicorp/aws\"]",
      "instances": [
        {
          "schema_version": 0,
          "attributes": {
            "id": "eks-cluster-20210215222751980600000001",
            "policy_arn": "arn:aws:iam::aws:policy/AmazonEKSClusterPolicy",
            "role": "eks-cluster"
          },
          "sensitive_attributes": [],
          "private": "bnVsbA==",
          "dependencies": [
            "aws_iam_role.eks_cluster_role"
          ]
        }
      ]
    },
    {
      "mode": "managed",
      "type": "aws_iam_role_policy_attachment",
      "name": "amazon_ec2_container_registry_read_only",
      "provider": "provider[\"registry.terraform.io/hashicorp/aws\"]",
      "instances": [
        {
          "schema_version": 0,
          "attributes": {
            "id": "eks-node-group-general-20210215222751995900000003",
            "policy_arn": "arn:aws:iam::aws:policy/AmazonEC2ContainerRegistryReadOnly",
            "role": "eks-node-group-general"
          },
          "sensitive_attributes": [],
          "private": "bnVsbA==",
          "dependencies": [
            "aws_iam_role.nodes_general"
          ]
        }
      ]
    },
    {
      "mode": "managed",
      "type": "aws_iam_role_policy_attachment",
      "name": "amazon_eks_cni_policy_general",
      "provider": "provider[\"registry.terraform.io/hashicorp/aws\"]",
      "instances": [
        {
          "schema_version": 0,
          "attributes": {
            "id": "eks-node-group-general-20210215222751983600000002",
            "policy_arn": "arn:aws:iam::aws:policy/AmazonEKS_CNI_Policy",
            "role": "eks-node-group-general"
          },
          "sensitive_attributes": [],
          "private": "bnVsbA==",
          "dependencies": [
            "aws_iam_role.nodes_general"
          ]
        }
      ]
    },
    {
      "mode": "managed",
      "type": "aws_iam_role_policy_attachment",
      "name": "amazon_eks_worker_node_policy_general",
      "provider": "provider[\"registry.terraform.io/hashicorp/aws\"]",
      "instances": [
        {
          "schema_version": 0,
          "attributes": {
            "id": "eks-node-group-general-20210215222751998400000004",
            "policy_arn": "arn:aws:iam::aws:policy/AmazonEKSWorkerNodePolicy",
            "role": "eks-node-group-general"
          },
          "sensitive_attributes": [],
          "private": "bnVsbA==",
          "dependencies": [
            "aws_iam_role.nodes_general"
          ]
        }
      ]
    },
    {
      "mode": "managed",
      "type": "aws_internet_gateway",
      "name": "task2_internet_gateway",
      "provider": "provider[\"registry.terraform.io/hashicorp/aws\"]",
      "instances": [
        {
          "schema_version": 0,
          "attributes": {
            "arn": "arn:aws:ec2:eu-west-3:144599469112:internet-gateway/igw-013985faa38bf0362",
            "id": "igw-013985faa38bf0362",
            "owner_id": "144599469112",
            "tags": {
              "Name": "task2-igw"
            },
            "vpc_id": "vpc-05765175cc4af2e63"
          },
          "sensitive_attributes": [],
          "private": "bnVsbA==",
          "dependencies": [
            "aws_vpc.task2_vpc"
          ]
        }
      ]
    },
    {
      "mode": "managed",
      "type": "aws_nat_gateway",
      "name": "task2_nat",
      "provider": "provider[\"registry.terraform.io/hashicorp/aws\"]",
      "instances": [
        {
          "schema_version": 0,
          "attributes": {
            "allocation_id": "eipalloc-09addacc8b52a86a4",
            "id": "nat-01f6398a3a7803392",
            "network_interface_id": "eni-03c55a2453e32ac44",
            "private_ip": "10.1.10.153",
            "public_ip": "15.236.66.4",
            "subnet_id": "subnet-01f30c468f1895112",
            "tags": {
              "Name": "task2-nat"
            }
          },
          "sensitive_attributes": [],
          "private": "bnVsbA==",
          "dependencies": [
            "aws_eip.task2_nat_eip",
            "aws_internet_gateway.task2_internet_gateway",
            "aws_subnet.task2_pub_subnet_1",
            "aws_vpc.task2_vpc"
          ]
        }
      ]
    },
    {
      "mode": "managed",
      "type": "aws_route_table",
      "name": "task2_prvt_route_table",
      "provider": "provider[\"registry.terraform.io/hashicorp/aws\"]",
      "instances": [
        {
          "schema_version": 0,
          "attributes": {
            "id": "rtb-042bf47de27b46f87",
            "owner_id": "144599469112",
            "propagating_vgws": [],
            "route": [
              {
                "cidr_block": "0.0.0.0/0",
                "egress_only_gateway_id": "",
                "gateway_id": "nat-01f6398a3a7803392",
                "instance_id": "",
                "ipv6_cidr_block": "",
                "local_gateway_id": "",
                "nat_gateway_id": "",
                "network_interface_id": "",
                "transit_gateway_id": "",
                "vpc_endpoint_id": "",
                "vpc_peering_connection_id": ""
              }
            ],
            "tags": {
              "Name": "task2-prvt-rtb"
            },
            "vpc_id": "vpc-05765175cc4af2e63"
          },
          "sensitive_attributes": [],
          "private": "bnVsbA==",
          "dependencies": [
            "aws_eip.task2_nat_eip",
            "aws_internet_gateway.task2_internet_gateway",
            "aws_nat_gateway.task2_nat",
            "aws_subnet.task2_pub_subnet_1",
            "aws_vpc.task2_vpc"
          ]
        }
      ]
    },
    {
      "mode": "managed",
      "type": "aws_route_table",
      "name": "task2_pub_route_table",
      "provider": "provider[\"registry.terraform.io/hashicorp/aws\"]",
      "instances": [
        {
          "schema_version": 0,
          "attributes": {
            "id": "rtb-040c0509840c484d1",
            "owner_id": "144599469112",
            "propagating_vgws": [],
            "route": [
              {
                "cidr_block": "0.0.0.0/0",
                "egress_only_gateway_id": "",
                "gateway_id": "igw-013985faa38bf0362",
                "instance_id": "",
                "ipv6_cidr_block": "",
                "local_gateway_id": "",
                "nat_gateway_id": "",
                "network_interface_id": "",
                "transit_gateway_id": "",
                "vpc_endpoint_id": "",
                "vpc_peering_connection_id": ""
              }
            ],
            "tags": {
              "Name": "task2-pub-rtb"
            },
            "vpc_id": "vpc-05765175cc4af2e63"
          },
          "sensitive_attributes": [],
          "private": "bnVsbA==",
          "dependencies": [
            "aws_internet_gateway.task2_internet_gateway",
            "aws_vpc.task2_vpc"
          ]
        }
      ]
    },
    {
      "mode": "managed",
      "type": "aws_route_table_association",
      "name": "task2_prvt_rtb_subnet1",
      "provider": "provider[\"registry.terraform.io/hashicorp/aws\"]",
      "instances": [
        {
          "schema_version": 0,
          "attributes": {
            "gateway_id": null,
            "id": "rtbassoc-0d2be9f9557bcbc11",
            "route_table_id": "rtb-042bf47de27b46f87",
            "subnet_id": "subnet-026c5a2e2afa5d4fc"
          },
          "sensitive_attributes": [],
          "private": "bnVsbA==",
          "dependencies": [
            "aws_eip.task2_nat_eip",
            "aws_internet_gateway.task2_internet_gateway",
            "aws_nat_gateway.task2_nat",
            "aws_route_table.task2_prvt_route_table",
            "aws_subnet.task2_prvt_subnet_1",
            "aws_subnet.task2_pub_subnet_1",
            "aws_vpc.task2_vpc"
          ]
        }
      ]
    },
    {
      "mode": "managed",
      "type": "aws_route_table_association",
      "name": "task2_prvt_rtb_subnet2",
      "provider": "provider[\"registry.terraform.io/hashicorp/aws\"]",
      "instances": [
        {
          "schema_version": 0,
          "attributes": {
            "gateway_id": null,
            "id": "rtbassoc-002f3df0f0aff604e",
            "route_table_id": "rtb-042bf47de27b46f87",
            "subnet_id": "subnet-0863492489e15f76a"
          },
          "sensitive_attributes": [],
          "private": "bnVsbA==",
          "dependencies": [
            "aws_eip.task2_nat_eip",
            "aws_internet_gateway.task2_internet_gateway",
            "aws_nat_gateway.task2_nat",
            "aws_route_table.task2_prvt_route_table",
            "aws_subnet.task2_prvt_subnet_2",
            "aws_subnet.task2_pub_subnet_1",
            "aws_vpc.task2_vpc"
          ]
        }
      ]
    },
    {
      "mode": "managed",
      "type": "aws_route_table_association",
      "name": "task2_prvt_rtb_subnet3",
      "provider": "provider[\"registry.terraform.io/hashicorp/aws\"]",
      "instances": [
        {
          "schema_version": 0,
          "attributes": {
            "gateway_id": null,
            "id": "rtbassoc-03cf56e105f968eda",
            "route_table_id": "rtb-042bf47de27b46f87",
            "subnet_id": "subnet-02fd62c4bb1779c7e"
          },
          "sensitive_attributes": [],
          "private": "bnVsbA==",
          "dependencies": [
            "aws_eip.task2_nat_eip",
            "aws_internet_gateway.task2_internet_gateway",
            "aws_nat_gateway.task2_nat",
            "aws_route_table.task2_prvt_route_table",
            "aws_subnet.task2_prvt_subnet_3",
            "aws_subnet.task2_pub_subnet_1",
            "aws_vpc.task2_vpc"
          ]
        }
      ]
    },
    {
      "mode": "managed",
      "type": "aws_route_table_association",
      "name": "task2_pub_rtb_subnet1",
      "provider": "provider[\"registry.terraform.io/hashicorp/aws\"]",
      "instances": [
        {
          "schema_version": 0,
          "attributes": {
            "gateway_id": null,
            "id": "rtbassoc-0d8de6684645691a0",
            "route_table_id": "rtb-040c0509840c484d1",
            "subnet_id": "subnet-01f30c468f1895112"
          },
          "sensitive_attributes": [],
          "private": "bnVsbA==",
          "dependencies": [
            "aws_internet_gateway.task2_internet_gateway",
            "aws_route_table.task2_pub_route_table",
            "aws_subnet.task2_pub_subnet_1",
            "aws_vpc.task2_vpc"
          ]
        }
      ]
    },
    {
      "mode": "managed",
      "type": "aws_route_table_association",
      "name": "task2_pub_rtb_subnet2",
      "provider": "provider[\"registry.terraform.io/hashicorp/aws\"]",
      "instances": [
        {
          "schema_version": 0,
          "attributes": {
            "gateway_id": null,
            "id": "rtbassoc-05ac98de17926cc15",
            "route_table_id": "rtb-040c0509840c484d1",
            "subnet_id": "subnet-049d6c7704b949f74"
          },
          "sensitive_attributes": [],
          "private": "bnVsbA==",
          "dependencies": [
            "aws_internet_gateway.task2_internet_gateway",
            "aws_route_table.task2_pub_route_table",
            "aws_subnet.task2_pub_subnet_2",
            "aws_vpc.task2_vpc"
          ]
        }
      ]
    },
    {
      "mode": "managed",
      "type": "aws_route_table_association",
      "name": "task2_pub_rtb_subnet3",
      "provider": "provider[\"registry.terraform.io/hashicorp/aws\"]",
      "instances": [
        {
          "schema_version": 0,
          "attributes": {
            "gateway_id": null,
            "id": "rtbassoc-06769e9994c32c4fb",
            "route_table_id": "rtb-040c0509840c484d1",
            "subnet_id": "subnet-00c4778ecffbaa8c8"
          },
          "sensitive_attributes": [],
          "private": "bnVsbA==",
          "dependencies": [
            "aws_internet_gateway.task2_internet_gateway",
            "aws_route_table.task2_pub_route_table",
            "aws_subnet.task2_pub_subnet_3",
            "aws_vpc.task2_vpc"
          ]
        }
      ]
    },
    {
      "mode": "managed",
      "type": "aws_subnet",
      "name": "task2_prvt_subnet_1",
      "provider": "provider[\"registry.terraform.io/hashicorp/aws\"]",
      "instances": [
        {
          "schema_version": 1,
          "attributes": {
            "arn": "arn:aws:ec2:eu-west-3:144599469112:subnet/subnet-026c5a2e2afa5d4fc",
            "assign_ipv6_address_on_creation": false,
            "availability_zone": "eu-west-3a",
            "availability_zone_id": "euw3-az1",
            "cidr_block": "10.1.40.0/24",
            "customer_owned_ipv4_pool": "",
            "id": "subnet-026c5a2e2afa5d4fc",
            "ipv6_cidr_block": "",
            "ipv6_cidr_block_association_id": "",
            "map_customer_owned_ip_on_launch": false,
            "map_public_ip_on_launch": false,
            "outpost_arn": "",
            "owner_id": "144599469112",
            "tags": {
              "Name": "task2-prvt-subnet-1",
              "kubernetes.io/cluster/eks": "shared",
              "kubernetes.io/role/internal-elb": "1"
            },
            "timeouts": null,
            "vpc_id": "vpc-05765175cc4af2e63"
          },
          "sensitive_attributes": [],
          "private": "eyJlMmJmYjczMC1lY2FhLTExZTYtOGY4OC0zNDM2M2JjN2M0YzAiOnsiY3JlYXRlIjo2MDAwMDAwMDAwMDAsImRlbGV0ZSI6MTIwMDAwMDAwMDAwMH0sInNjaGVtYV92ZXJzaW9uIjoiMSJ9",
          "dependencies": [
            "aws_vpc.task2_vpc"
          ]
        }
      ]
    },
    {
      "mode": "managed",
      "type": "aws_subnet",
      "name": "task2_prvt_subnet_2",
      "provider": "provider[\"registry.terraform.io/hashicorp/aws\"]",
      "instances": [
        {
          "schema_version": 1,
          "attributes": {
            "arn": "arn:aws:ec2:eu-west-3:144599469112:subnet/subnet-0863492489e15f76a",
            "assign_ipv6_address_on_creation": false,
            "availability_zone": "eu-west-3b",
            "availability_zone_id": "euw3-az2",
            "cidr_block": "10.1.50.0/24",
            "customer_owned_ipv4_pool": "",
            "id": "subnet-0863492489e15f76a",
            "ipv6_cidr_block": "",
            "ipv6_cidr_block_association_id": "",
            "map_customer_owned_ip_on_launch": false,
            "map_public_ip_on_launch": false,
            "outpost_arn": "",
            "owner_id": "144599469112",
            "tags": {
              "Name": "task2-prvt-subnet-2",
              "kubernetes.io/cluster/eks": "shared",
              "kubernetes.io/role/internal-elb": "1"
            },
            "timeouts": null,
            "vpc_id": "vpc-05765175cc4af2e63"
          },
          "sensitive_attributes": [],
          "private": "eyJlMmJmYjczMC1lY2FhLTExZTYtOGY4OC0zNDM2M2JjN2M0YzAiOnsiY3JlYXRlIjo2MDAwMDAwMDAwMDAsImRlbGV0ZSI6MTIwMDAwMDAwMDAwMH0sInNjaGVtYV92ZXJzaW9uIjoiMSJ9",
          "dependencies": [
            "aws_vpc.task2_vpc"
          ]
        }
      ]
    },
    {
      "mode": "managed",
      "type": "aws_subnet",
      "name": "task2_prvt_subnet_3",
      "provider": "provider[\"registry.terraform.io/hashicorp/aws\"]",
      "instances": [
        {
          "schema_version": 1,
          "attributes": {
            "arn": "arn:aws:ec2:eu-west-3:144599469112:subnet/subnet-02fd62c4bb1779c7e",
            "assign_ipv6_address_on_creation": false,
            "availability_zone": "eu-west-3c",
            "availability_zone_id": "euw3-az3",
            "cidr_block": "10.1.60.0/24",
            "customer_owned_ipv4_pool": "",
            "id": "subnet-02fd62c4bb1779c7e",
            "ipv6_cidr_block": "",
            "ipv6_cidr_block_association_id": "",
            "map_customer_owned_ip_on_launch": false,
            "map_public_ip_on_launch": false,
            "outpost_arn": "",
            "owner_id": "144599469112",
            "tags": {
              "Name": "task2-prvt-subnet-3",
              "kubernetes.io/cluster/eks": "shared",
              "kubernetes.io/role/internal-elb": "1"
            },
            "timeouts": null,
            "vpc_id": "vpc-05765175cc4af2e63"
          },
          "sensitive_attributes": [],
          "private": "eyJlMmJmYjczMC1lY2FhLTExZTYtOGY4OC0zNDM2M2JjN2M0YzAiOnsiY3JlYXRlIjo2MDAwMDAwMDAwMDAsImRlbGV0ZSI6MTIwMDAwMDAwMDAwMH0sInNjaGVtYV92ZXJzaW9uIjoiMSJ9",
          "dependencies": [
            "aws_vpc.task2_vpc"
          ]
        }
      ]
    },
    {
      "mode": "managed",
      "type": "aws_subnet",
      "name": "task2_pub_subnet_1",
      "provider": "provider[\"registry.terraform.io/hashicorp/aws\"]",
      "instances": [
        {
          "schema_version": 1,
          "attributes": {
            "arn": "arn:aws:ec2:eu-west-3:144599469112:subnet/subnet-01f30c468f1895112",
            "assign_ipv6_address_on_creation": false,
            "availability_zone": "eu-west-3a",
            "availability_zone_id": "euw3-az1",
            "cidr_block": "10.1.10.0/24",
            "customer_owned_ipv4_pool": "",
            "id": "subnet-01f30c468f1895112",
            "ipv6_cidr_block": "",
            "ipv6_cidr_block_association_id": "",
            "map_customer_owned_ip_on_launch": false,
            "map_public_ip_on_launch": true,
            "outpost_arn": "",
            "owner_id": "144599469112",
            "tags": {
              "Name": "task2-pub-subnet-1",
              "kubernetes.io/cluster/eks": "shared",
              "kubernetes.io/role/elb": "1"
            },
            "timeouts": null,
            "vpc_id": "vpc-05765175cc4af2e63"
          },
          "sensitive_attributes": [],
          "private": "eyJlMmJmYjczMC1lY2FhLTExZTYtOGY4OC0zNDM2M2JjN2M0YzAiOnsiY3JlYXRlIjo2MDAwMDAwMDAwMDAsImRlbGV0ZSI6MTIwMDAwMDAwMDAwMH0sInNjaGVtYV92ZXJzaW9uIjoiMSJ9",
          "dependencies": [
            "aws_vpc.task2_vpc"
          ]
        }
      ]
    },
    {
      "mode": "managed",
      "type": "aws_subnet",
      "name": "task2_pub_subnet_2",
      "provider": "provider[\"registry.terraform.io/hashicorp/aws\"]",
      "instances": [
        {
          "schema_version": 1,
          "attributes": {
            "arn": "arn:aws:ec2:eu-west-3:144599469112:subnet/subnet-049d6c7704b949f74",
            "assign_ipv6_address_on_creation": false,
            "availability_zone": "eu-west-3b",
            "availability_zone_id": "euw3-az2",
            "cidr_block": "10.1.20.0/24",
            "customer_owned_ipv4_pool": "",
            "id": "subnet-049d6c7704b949f74",
            "ipv6_cidr_block": "",
            "ipv6_cidr_block_association_id": "",
            "map_customer_owned_ip_on_launch": false,
            "map_public_ip_on_launch": true,
            "outpost_arn": "",
            "owner_id": "144599469112",
            "tags": {
              "Name": "task2-pub-subnet-2",
              "kubernetes.io/cluster/eks": "shared",
              "kubernetes.io/role/elb": "1"
            },
            "timeouts": null,
            "vpc_id": "vpc-05765175cc4af2e63"
          },
          "sensitive_attributes": [],
          "private": "eyJlMmJmYjczMC1lY2FhLTExZTYtOGY4OC0zNDM2M2JjN2M0YzAiOnsiY3JlYXRlIjo2MDAwMDAwMDAwMDAsImRlbGV0ZSI6MTIwMDAwMDAwMDAwMH0sInNjaGVtYV92ZXJzaW9uIjoiMSJ9",
          "dependencies": [
            "aws_vpc.task2_vpc"
          ]
        }
      ]
    },
    {
      "mode": "managed",
      "type": "aws_subnet",
      "name": "task2_pub_subnet_3",
      "provider": "provider[\"registry.terraform.io/hashicorp/aws\"]",
      "instances": [
        {
          "schema_version": 1,
          "attributes": {
            "arn": "arn:aws:ec2:eu-west-3:144599469112:subnet/subnet-00c4778ecffbaa8c8",
            "assign_ipv6_address_on_creation": false,
            "availability_zone": "eu-west-3c",
            "availability_zone_id": "euw3-az3",
            "cidr_block": "10.1.30.0/24",
            "customer_owned_ipv4_pool": "",
            "id": "subnet-00c4778ecffbaa8c8",
            "ipv6_cidr_block": "",
            "ipv6_cidr_block_association_id": "",
            "map_customer_owned_ip_on_launch": false,
            "map_public_ip_on_launch": true,
            "outpost_arn": "",
            "owner_id": "144599469112",
            "tags": {
              "Name": "task2-pub-subnet-3",
              "kubernetes.io/cluster/eks": "shared",
              "kubernetes.io/role/elb": "1"
            },
            "timeouts": null,
            "vpc_id": "vpc-05765175cc4af2e63"
          },
          "sensitive_attributes": [],
          "private": "eyJlMmJmYjczMC1lY2FhLTExZTYtOGY4OC0zNDM2M2JjN2M0YzAiOnsiY3JlYXRlIjo2MDAwMDAwMDAwMDAsImRlbGV0ZSI6MTIwMDAwMDAwMDAwMH0sInNjaGVtYV92ZXJzaW9uIjoiMSJ9",
          "dependencies": [
            "aws_vpc.task2_vpc"
          ]
        }
      ]
    },
    {
      "mode": "managed",
      "type": "aws_vpc",
      "name": "task2_vpc",
      "provider": "provider[\"registry.terraform.io/hashicorp/aws\"]",
      "instances": [
        {
          "schema_version": 1,
          "attributes": {
            "arn": "arn:aws:ec2:eu-west-3:144599469112:vpc/vpc-05765175cc4af2e63",
            "assign_generated_ipv6_cidr_block": false,
            "cidr_block": "10.1.0.0/16",
            "default_network_acl_id": "acl-0871fd14fed8a6656",
            "default_route_table_id": "rtb-0576b40b34ebd269e",
            "default_security_group_id": "sg-0f944f28b096489f7",
            "dhcp_options_id": "dopt-2688734e",
            "enable_classiclink": null,
            "enable_classiclink_dns_support": null,
            "enable_dns_hostnames": true,
            "enable_dns_support": true,
            "id": "vpc-05765175cc4af2e63",
            "instance_tenancy": "default",
            "ipv6_association_id": "",
            "ipv6_cidr_block": "",
            "main_route_table_id": "rtb-0576b40b34ebd269e",
            "owner_id": "144599469112",
            "tags": {
              "Name": "task2-k8s-vpc"
            }
          },
          "sensitive_attributes": [],
          "private": "eyJzY2hlbWFfdmVyc2lvbiI6IjEifQ=="
        }
      ]
    }
  ]
}
